// !$*UTF8*$!
{
	archiveVersion = 1;
	classes = {
	};
	objectVersion = 46;
	objects = {

/* Begin PBXBuildFile section */
		2C0FE9420B3D2A2AA70C11FD /* Pods_Screen_Capture.framework in Frameworks */ = {isa = PBXBuildFile; fileRef = FEAC7B7E51EB1DD4370E1A16 /* Pods_Screen_Capture.framework */; };
		7B05CABA1DE7185700DD7201 /* AppDelegate.swift in Sources */ = {isa = PBXBuildFile; fileRef = 7B05CAB91DE7185700DD7201 /* AppDelegate.swift */; };
		7B05CABC1DE7185700DD7201 /* targetViewController.swift in Sources */ = {isa = PBXBuildFile; fileRef = 7B05CABB1DE7185700DD7201 /* targetViewController.swift */; };
		7B05CABF1DE7185700DD7201 /* Main.storyboard in Resources */ = {isa = PBXBuildFile; fileRef = 7B05CABD1DE7185700DD7201 /* Main.storyboard */; };
		7B05CAC11DE7185700DD7201 /* Assets.xcassets in Resources */ = {isa = PBXBuildFile; fileRef = 7B05CAC01DE7185700DD7201 /* Assets.xcassets */; };
		7B05CAC41DE7185700DD7201 /* LaunchScreen.storyboard in Resources */ = {isa = PBXBuildFile; fileRef = 7B05CAC21DE7185700DD7201 /* LaunchScreen.storyboard */; };
		7B05CADB1DE725A000DD7201 /* buddyViewController.swift in Sources */ = {isa = PBXBuildFile; fileRef = 7B05CADA1DE725A000DD7201 /* buddyViewController.swift */; };
		7B05CAE91DE7458600DD7201 /* libz.tbd in Frameworks */ = {isa = PBXBuildFile; fileRef = 7B05CAE71DE7457900DD7201 /* libz.tbd */; };
		7B05CAF31DE74A7500DD7201 /* ChirpSDK.framework in Frameworks */ = {isa = PBXBuildFile; fileRef = 7B05CAF21DE74A7500DD7201 /* ChirpSDK.framework */; };
		7B05CAF71DE76C2F00DD7201 /* CoreImageVideoFilter.swift in Sources */ = {isa = PBXBuildFile; fileRef = 7B05CAF61DE76C2F00DD7201 /* CoreImageVideoFilter.swift */; };
		7B69387A1DF5B60800E6897B /* MovinBarcodeViewController.swift in Sources */ = {isa = PBXBuildFile; fileRef = 7B6938791DF5B60800E6897B /* MovinBarcodeViewController.swift */; };
		7B9427EA1DE89C3C001F36CA /* FaceDetector.swift in Sources */ = {isa = PBXBuildFile; fileRef = 7B9427E61DE89C3C001F36CA /* FaceDetector.swift */; };
		7B9427EB1DE89C3C001F36CA /* VideoCapture.swift in Sources */ = {isa = PBXBuildFile; fileRef = 7B9427E71DE89C3C001F36CA /* VideoCapture.swift */; };
		7B9427EC1DE89C3C001F36CA /* VideoCaptureController.swift in Sources */ = {isa = PBXBuildFile; fileRef = 7B9427E81DE89C3C001F36CA /* VideoCaptureController.swift */; };
		7B9427ED1DE89C3C001F36CA /* VideoCaptureDevice.swift in Sources */ = {isa = PBXBuildFile; fileRef = 7B9427E91DE89C3C001F36CA /* VideoCaptureDevice.swift */; };
		7B9ECFFB1DEC7FF600B08630 /* BaseViewController.swift in Sources */ = {isa = PBXBuildFile; fileRef = 7B9ECFFA1DEC7FF600B08630 /* BaseViewController.swift */; };
/* End PBXBuildFile section */

/* Begin PBXFileReference section */
		08816D6D83A23108BDA98E32 /* libPods-Screen Capture client.a */ = {isa = PBXFileReference; explicitFileType = archive.ar; includeInIndex = 0; path = "libPods-Screen Capture client.a"; sourceTree = BUILT_PRODUCTS_DIR; };
		361899A86C65142EF0FD351E /* Pods-Screen Capture.release.xcconfig */ = {isa = PBXFileReference; includeInIndex = 1; lastKnownFileType = text.xcconfig; name = "Pods-Screen Capture.release.xcconfig"; path = "Pods/Target Support Files/Pods-Screen Capture/Pods-Screen Capture.release.xcconfig"; sourceTree = "<group>"; };
		5C150C83A164ED0FD7A562A6 /* Pods-Screen Buddy.release.xcconfig */ = {isa = PBXFileReference; includeInIndex = 1; lastKnownFileType = text.xcconfig; name = "Pods-Screen Buddy.release.xcconfig"; path = "Pods/Target Support Files/Pods-Screen Buddy/Pods-Screen Buddy.release.xcconfig"; sourceTree = "<group>"; };
		69FF3B781F50C0DB4E1C26BC /* Pods-Screen Capture client.debug.xcconfig */ = {isa = PBXFileReference; includeInIndex = 1; lastKnownFileType = text.xcconfig; name = "Pods-Screen Capture client.debug.xcconfig"; path = "Pods/Target Support Files/Pods-Screen Capture client/Pods-Screen Capture client.debug.xcconfig"; sourceTree = "<group>"; };
		7B05CAB61DE7185700DD7201 /* Screen Capture.app */ = {isa = PBXFileReference; explicitFileType = wrapper.application; includeInIndex = 0; path = "Screen Capture.app"; sourceTree = BUILT_PRODUCTS_DIR; };
		7B05CAB91DE7185700DD7201 /* AppDelegate.swift */ = {isa = PBXFileReference; lastKnownFileType = sourcecode.swift; path = AppDelegate.swift; sourceTree = "<group>"; };
		7B05CABB1DE7185700DD7201 /* targetViewController.swift */ = {isa = PBXFileReference; lastKnownFileType = sourcecode.swift; path = targetViewController.swift; sourceTree = "<group>"; };
		7B05CABE1DE7185700DD7201 /* Base */ = {isa = PBXFileReference; lastKnownFileType = file.storyboard; name = Base; path = Base.lproj/Main.storyboard; sourceTree = "<group>"; };
		7B05CAC01DE7185700DD7201 /* Assets.xcassets */ = {isa = PBXFileReference; lastKnownFileType = folder.assetcatalog; path = Assets.xcassets; sourceTree = "<group>"; };
		7B05CAC31DE7185700DD7201 /* Base */ = {isa = PBXFileReference; lastKnownFileType = file.storyboard; name = Base; path = Base.lproj/LaunchScreen.storyboard; sourceTree = "<group>"; };
		7B05CAC51DE7185700DD7201 /* Info.plist */ = {isa = PBXFileReference; lastKnownFileType = text.plist.xml; path = Info.plist; sourceTree = "<group>"; };
		7B05CADA1DE725A000DD7201 /* buddyViewController.swift */ = {isa = PBXFileReference; fileEncoding = 4; lastKnownFileType = sourcecode.swift; path = buddyViewController.swift; sourceTree = "<group>"; };
		7B05CAE71DE7457900DD7201 /* libz.tbd */ = {isa = PBXFileReference; lastKnownFileType = "sourcecode.text-based-dylib-definition"; name = libz.tbd; path = usr/lib/libz.tbd; sourceTree = SDKROOT; };
		7B05CAF21DE74A7500DD7201 /* ChirpSDK.framework */ = {isa = PBXFileReference; lastKnownFileType = wrapper.framework; path = ChirpSDK.framework; sourceTree = "<group>"; };
		7B05CAF61DE76C2F00DD7201 /* CoreImageVideoFilter.swift */ = {isa = PBXFileReference; fileEncoding = 4; lastKnownFileType = sourcecode.swift; path = CoreImageVideoFilter.swift; sourceTree = "<group>"; };
		7B6938791DF5B60800E6897B /* MovinBarcodeViewController.swift */ = {isa = PBXFileReference; fileEncoding = 4; lastKnownFileType = sourcecode.swift; path = MovinBarcodeViewController.swift; sourceTree = "<group>"; };
		7B9333A71DF9B55A00BD2425 /* Bridging-Header.h */ = {isa = PBXFileReference; fileEncoding = 4; lastKnownFileType = sourcecode.c.h; path = "Bridging-Header.h"; sourceTree = "<group>"; };
		7B9427E61DE89C3C001F36CA /* FaceDetector.swift */ = {isa = PBXFileReference; fileEncoding = 4; lastKnownFileType = sourcecode.swift; name = FaceDetector.swift; path = buddy/FaceDetector.swift; sourceTree = "<group>"; };
		7B9427E71DE89C3C001F36CA /* VideoCapture.swift */ = {isa = PBXFileReference; fileEncoding = 4; lastKnownFileType = sourcecode.swift; name = VideoCapture.swift; path = buddy/VideoCapture.swift; sourceTree = "<group>"; };
		7B9427E81DE89C3C001F36CA /* VideoCaptureController.swift */ = {isa = PBXFileReference; fileEncoding = 4; lastKnownFileType = sourcecode.swift; name = VideoCaptureController.swift; path = buddy/VideoCaptureController.swift; sourceTree = "<group>"; };
		7B9427E91DE89C3C001F36CA /* VideoCaptureDevice.swift */ = {isa = PBXFileReference; fileEncoding = 4; lastKnownFileType = sourcecode.swift; name = VideoCaptureDevice.swift; path = buddy/VideoCaptureDevice.swift; sourceTree = "<group>"; };
		7B9ECFFA1DEC7FF600B08630 /* BaseViewController.swift */ = {isa = PBXFileReference; fileEncoding = 4; lastKnownFileType = sourcecode.swift; path = BaseViewController.swift; sourceTree = "<group>"; };
		B72DBF2E9CE682DE242CB88A /* Pods-Screen Capture client.release.xcconfig */ = {isa = PBXFileReference; includeInIndex = 1; lastKnownFileType = text.xcconfig; name = "Pods-Screen Capture client.release.xcconfig"; path = "Pods/Target Support Files/Pods-Screen Capture client/Pods-Screen Capture client.release.xcconfig"; sourceTree = "<group>"; };
		BDA759DBB576F1BCCB536242 /* Pods_Screen_Buddy.framework */ = {isa = PBXFileReference; explicitFileType = wrapper.framework; includeInIndex = 0; path = Pods_Screen_Buddy.framework; sourceTree = BUILT_PRODUCTS_DIR; };
		BF0802FAEB6DC9CB8B0EE62E /* Pods-Screen Buddy.debug.xcconfig */ = {isa = PBXFileReference; includeInIndex = 1; lastKnownFileType = text.xcconfig; name = "Pods-Screen Buddy.debug.xcconfig"; path = "Pods/Target Support Files/Pods-Screen Buddy/Pods-Screen Buddy.debug.xcconfig"; sourceTree = "<group>"; };
		FEAC7B7E51EB1DD4370E1A16 /* Pods_Screen_Capture.framework */ = {isa = PBXFileReference; explicitFileType = wrapper.framework; includeInIndex = 0; path = Pods_Screen_Capture.framework; sourceTree = BUILT_PRODUCTS_DIR; };
		FF0FEEC4A601ED383195B445 /* Pods-Screen Capture.debug.xcconfig */ = {isa = PBXFileReference; includeInIndex = 1; lastKnownFileType = text.xcconfig; name = "Pods-Screen Capture.debug.xcconfig"; path = "Pods/Target Support Files/Pods-Screen Capture/Pods-Screen Capture.debug.xcconfig"; sourceTree = "<group>"; };
/* End PBXFileReference section */

/* Begin PBXFrameworksBuildPhase section */
		7B05CAB31DE7185700DD7201 /* Frameworks */ = {
			isa = PBXFrameworksBuildPhase;
			buildActionMask = 2147483647;
			files = (
				7B05CAF31DE74A7500DD7201 /* ChirpSDK.framework in Frameworks */,
				7B05CAE91DE7458600DD7201 /* libz.tbd in Frameworks */,
				2C0FE9420B3D2A2AA70C11FD /* Pods_Screen_Capture.framework in Frameworks */,
			);
			runOnlyForDeploymentPostprocessing = 0;
		};
/* End PBXFrameworksBuildPhase section */

/* Begin PBXGroup section */
		7B05CAAD1DE7185700DD7201 = {
			isa = PBXGroup;
			children = (
				7B05CAB81DE7185700DD7201 /* Screen Capture */,
				7B05CAE01DE7280B00DD7201 /* misc */,
				7B05CAB71DE7185700DD7201 /* Products */,
				926823CC150AC511D478DF78 /* Pods */,
				FAE98CA9ECE104E09E01762C /* Frameworks */,
			);
			sourceTree = "<group>";
		};
		7B05CAB71DE7185700DD7201 /* Products */ = {
			isa = PBXGroup;
			children = (
				7B05CAB61DE7185700DD7201 /* Screen Capture.app */,
			);
			name = Products;
			sourceTree = "<group>";
		};
		7B05CAB81DE7185700DD7201 /* Screen Capture */ = {
			isa = PBXGroup;
			children = (
				7B6938A31DF5C74800E6897B /* Trade Device */,
				7B6938781DF5B5DF00E6897B /* Moving Barcode */,
				7B9427E51DE89C2D001F36CA /* buddy */,
				7B05CAF61DE76C2F00DD7201 /* CoreImageVideoFilter.swift */,
				7B05CABD1DE7185700DD7201 /* Main.storyboard */,
				7B9ECFFA1DEC7FF600B08630 /* BaseViewController.swift */,
			);
			path = "Screen Capture";
			sourceTree = "<group>";
		};
		7B05CAE01DE7280B00DD7201 /* misc */ = {
			isa = PBXGroup;
			children = (
				7B9333A71DF9B55A00BD2425 /* Bridging-Header.h */,
				7B05CAB91DE7185700DD7201 /* AppDelegate.swift */,
				7B05CAC01DE7185700DD7201 /* Assets.xcassets */,
				7B05CAC21DE7185700DD7201 /* LaunchScreen.storyboard */,
				7B05CAC51DE7185700DD7201 /* Info.plist */,
			);
			name = misc;
			path = "Screen Capture";
			sourceTree = "<group>";
		};
		7B6938781DF5B5DF00E6897B /* Moving Barcode */ = {
			isa = PBXGroup;
			children = (
				7B6938791DF5B60800E6897B /* MovinBarcodeViewController.swift */,
			);
			name = "Moving Barcode";
			sourceTree = "<group>";
		};
		7B6938A31DF5C74800E6897B /* Trade Device */ = {
			isa = PBXGroup;
			children = (
				7B05CABB1DE7185700DD7201 /* targetViewController.swift */,
			);
			name = "Trade Device";
			sourceTree = "<group>";
		};
		7B9427E51DE89C2D001F36CA /* buddy */ = {
			isa = PBXGroup;
			children = (
				7B05CADA1DE725A000DD7201 /* buddyViewController.swift */,
				7B9427E61DE89C3C001F36CA /* FaceDetector.swift */,
				7B9427E71DE89C3C001F36CA /* VideoCapture.swift */,
				7B9427E81DE89C3C001F36CA /* VideoCaptureController.swift */,
				7B9427E91DE89C3C001F36CA /* VideoCaptureDevice.swift */,
			);
			name = buddy;
			sourceTree = "<group>";
		};
		926823CC150AC511D478DF78 /* Pods */ = {
			isa = PBXGroup;
			children = (
				FF0FEEC4A601ED383195B445 /* Pods-Screen Capture.debug.xcconfig */,
				361899A86C65142EF0FD351E /* Pods-Screen Capture.release.xcconfig */,
				69FF3B781F50C0DB4E1C26BC /* Pods-Screen Capture client.debug.xcconfig */,
				B72DBF2E9CE682DE242CB88A /* Pods-Screen Capture client.release.xcconfig */,
				BF0802FAEB6DC9CB8B0EE62E /* Pods-Screen Buddy.debug.xcconfig */,
				5C150C83A164ED0FD7A562A6 /* Pods-Screen Buddy.release.xcconfig */,
			);
			name = Pods;
			sourceTree = "<group>";
		};
		FAE98CA9ECE104E09E01762C /* Frameworks */ = {
			isa = PBXGroup;
			children = (
				7B05CAF21DE74A7500DD7201 /* ChirpSDK.framework */,
				7B05CAE71DE7457900DD7201 /* libz.tbd */,
				08816D6D83A23108BDA98E32 /* libPods-Screen Capture client.a */,
				BDA759DBB576F1BCCB536242 /* Pods_Screen_Buddy.framework */,
				FEAC7B7E51EB1DD4370E1A16 /* Pods_Screen_Capture.framework */,
			);
			name = Frameworks;
			sourceTree = "<group>";
		};
/* End PBXGroup section */

/* Begin PBXNativeTarget section */
		7B05CAB51DE7185700DD7201 /* Screen Capture */ = {
			isa = PBXNativeTarget;
			buildConfigurationList = 7B05CAC81DE7185700DD7201 /* Build configuration list for PBXNativeTarget "Screen Capture" */;
			buildPhases = (
				2A4F40294BA1C36C4876DBA7 /* [CP] Check Pods Manifest.lock */,
				7B05CAB21DE7185700DD7201 /* Sources */,
				7B05CAB31DE7185700DD7201 /* Frameworks */,
				7B05CAB41DE7185700DD7201 /* Resources */,
				895A103FC689EE2496ACA16E /* [CP] Embed Pods Frameworks */,
				4DC6BDB8A45BCE8CCD88F370 /* [CP] Copy Pods Resources */,
			);
			buildRules = (
			);
			dependencies = (
			);
			name = "Screen Capture";
			productName = "Screen Capture";
			productReference = 7B05CAB61DE7185700DD7201 /* Screen Capture.app */;
			productType = "com.apple.product-type.application";
		};
/* End PBXNativeTarget section */

/* Begin PBXProject section */
		7B05CAAE1DE7185700DD7201 /* Project object */ = {
			isa = PBXProject;
			attributes = {
				LastSwiftUpdateCheck = 0810;
				LastUpgradeCheck = 0810;
				ORGANIZATIONNAME = "Inhance Technology";
				TargetAttributes = {
					7B05CAB51DE7185700DD7201 = {
						CreatedOnToolsVersion = 8.1;
						DevelopmentTeam = H5A43L6864;
						ProvisioningStyle = Automatic;
					};
				};
			};
			buildConfigurationList = 7B05CAB11DE7185700DD7201 /* Build configuration list for PBXProject "Screen Capture" */;
			compatibilityVersion = "Xcode 3.2";
			developmentRegion = English;
			hasScannedForEncodings = 0;
			knownRegions = (
				en,
				Base,
			);
			mainGroup = 7B05CAAD1DE7185700DD7201;
			productRefGroup = 7B05CAB71DE7185700DD7201 /* Products */;
			projectDirPath = "";
			projectRoot = "";
			targets = (
				7B05CAB51DE7185700DD7201 /* Screen Capture */,
			);
		};
/* End PBXProject section */

/* Begin PBXResourcesBuildPhase section */
		7B05CAB41DE7185700DD7201 /* Resources */ = {
			isa = PBXResourcesBuildPhase;
			buildActionMask = 2147483647;
			files = (
				7B05CAC41DE7185700DD7201 /* LaunchScreen.storyboard in Resources */,
				7B05CAC11DE7185700DD7201 /* Assets.xcassets in Resources */,
				7B05CABF1DE7185700DD7201 /* Main.storyboard in Resources */,
			);
			runOnlyForDeploymentPostprocessing = 0;
		};
/* End PBXResourcesBuildPhase section */

/* Begin PBXShellScriptBuildPhase section */
		2A4F40294BA1C36C4876DBA7 /* [CP] Check Pods Manifest.lock */ = {
			isa = PBXShellScriptBuildPhase;
			buildActionMask = 2147483647;
			files = (
			);
			inputPaths = (
			);
			name = "[CP] Check Pods Manifest.lock";
			outputPaths = (
			);
			runOnlyForDeploymentPostprocessing = 0;
			shellPath = /bin/sh;
			shellScript = "diff \"${PODS_ROOT}/../Podfile.lock\" \"${PODS_ROOT}/Manifest.lock\" > /dev/null\nif [ $? != 0 ] ; then\n    # print error to STDERR\n    echo \"error: The sandbox is not in sync with the Podfile.lock. Run 'pod install' or update your CocoaPods installation.\" >&2\n    exit 1\nfi\n";
			showEnvVarsInLog = 0;
		};
		4DC6BDB8A45BCE8CCD88F370 /* [CP] Copy Pods Resources */ = {
			isa = PBXShellScriptBuildPhase;
			buildActionMask = 2147483647;
			files = (
			);
			inputPaths = (
			);
			name = "[CP] Copy Pods Resources";
			outputPaths = (
			);
			runOnlyForDeploymentPostprocessing = 0;
			shellPath = /bin/sh;
			shellScript = "\"${SRCROOT}/Pods/Target Support Files/Pods-Screen Capture/Pods-Screen Capture-resources.sh\"\n";
			showEnvVarsInLog = 0;
		};
		895A103FC689EE2496ACA16E /* [CP] Embed Pods Frameworks */ = {
			isa = PBXShellScriptBuildPhase;
			buildActionMask = 2147483647;
			files = (
			);
			inputPaths = (
			);
			name = "[CP] Embed Pods Frameworks";
			outputPaths = (
			);
			runOnlyForDeploymentPostprocessing = 0;
			shellPath = /bin/sh;
			shellScript = "\"${SRCROOT}/Pods/Target Support Files/Pods-Screen Capture/Pods-Screen Capture-frameworks.sh\"\n";
			showEnvVarsInLog = 0;
		};
/* End PBXShellScriptBuildPhase section */

/* Begin PBXSourcesBuildPhase section */
		7B05CAB21DE7185700DD7201 /* Sources */ = {
			isa = PBXSourcesBuildPhase;
			buildActionMask = 2147483647;
			files = (
				7B9427EC1DE89C3C001F36CA /* VideoCaptureController.swift in Sources */,
				7B9427EB1DE89C3C001F36CA /* VideoCapture.swift in Sources */,
				7B9ECFFB1DEC7FF600B08630 /* BaseViewController.swift in Sources */,
				7B05CABC1DE7185700DD7201 /* targetViewController.swift in Sources */,
				7B9427EA1DE89C3C001F36CA /* FaceDetector.swift in Sources */,
				7B9427ED1DE89C3C001F36CA /* VideoCaptureDevice.swift in Sources */,
				7B05CAF71DE76C2F00DD7201 /* CoreImageVideoFilter.swift in Sources */,
				7B05CADB1DE725A000DD7201 /* buddyViewController.swift in Sources */,
				7B69387A1DF5B60800E6897B /* MovinBarcodeViewController.swift in Sources */,
				7B05CABA1DE7185700DD7201 /* AppDelegate.swift in Sources */,
			);
			runOnlyForDeploymentPostprocessing = 0;
		};
/* End PBXSourcesBuildPhase section */

/* Begin PBXVariantGroup section */
		7B05CABD1DE7185700DD7201 /* Main.storyboard */ = {
			isa = PBXVariantGroup;
			children = (
				7B05CABE1DE7185700DD7201 /* Base */,
			);
			name = Main.storyboard;
			sourceTree = "<group>";
		};
		7B05CAC21DE7185700DD7201 /* LaunchScreen.storyboard */ = {
			isa = PBXVariantGroup;
			children = (
				7B05CAC31DE7185700DD7201 /* Base */,
			);
			name = LaunchScreen.storyboard;
			sourceTree = "<group>";
		};
/* End PBXVariantGroup section */

/* Begin XCBuildConfiguration section */
		7B05CAC61DE7185700DD7201 /* Debug */ = {
			isa = XCBuildConfiguration;
			buildSettings = {
				ALWAYS_SEARCH_USER_PATHS = NO;
				CLANG_ANALYZER_NONNULL = YES;
				CLANG_CXX_LANGUAGE_STANDARD = "gnu++0x";
				CLANG_CXX_LIBRARY = "libc++";
				CLANG_ENABLE_MODULES = YES;
				CLANG_ENABLE_OBJC_ARC = YES;
				CLANG_WARN_BOOL_CONVERSION = YES;
				CLANG_WARN_CONSTANT_CONVERSION = YES;
				CLANG_WARN_DIRECT_OBJC_ISA_USAGE = YES_ERROR;
				CLANG_WARN_DOCUMENTATION_COMMENTS = YES;
				CLANG_WARN_EMPTY_BODY = YES;
				CLANG_WARN_ENUM_CONVERSION = YES;
				CLANG_WARN_INFINITE_RECURSION = YES;
				CLANG_WARN_INT_CONVERSION = YES;
				CLANG_WARN_OBJC_ROOT_CLASS = YES_ERROR;
				CLANG_WARN_SUSPICIOUS_MOVE = YES;
				CLANG_WARN_SUSPICIOUS_MOVES = YES;
				CLANG_WARN_UNREACHABLE_CODE = YES;
				CLANG_WARN__DUPLICATE_METHOD_MATCH = YES;
				"CODE_SIGN_IDENTITY[sdk=iphoneos*]" = "iPhone Developer";
				COPY_PHASE_STRIP = NO;
				DEBUG_INFORMATION_FORMAT = dwarf;
				ENABLE_STRICT_OBJC_MSGSEND = YES;
				ENABLE_TESTABILITY = YES;
				GCC_C_LANGUAGE_STANDARD = gnu99;
				GCC_DYNAMIC_NO_PIC = NO;
				GCC_NO_COMMON_BLOCKS = YES;
				GCC_OPTIMIZATION_LEVEL = 0;
				GCC_PREPROCESSOR_DEFINITIONS = (
					"DEBUG=1",
					"$(inherited)",
				);
				GCC_WARN_64_TO_32_BIT_CONVERSION = YES;
				GCC_WARN_ABOUT_RETURN_TYPE = YES_ERROR;
				GCC_WARN_UNDECLARED_SELECTOR = YES;
				GCC_WARN_UNINITIALIZED_AUTOS = YES_AGGRESSIVE;
				GCC_WARN_UNUSED_FUNCTION = YES;
				GCC_WARN_UNUSED_VARIABLE = YES;
				IPHONEOS_DEPLOYMENT_TARGET = 8.0;
				MTL_ENABLE_DEBUG_INFO = YES;
				ONLY_ACTIVE_ARCH = YES;
				SDKROOT = iphoneos;
				SWIFT_ACTIVE_COMPILATION_CONDITIONS = DEBUG;
				SWIFT_OPTIMIZATION_LEVEL = "-Onone";
			};
			name = Debug;
		};
		7B05CAC71DE7185700DD7201 /* Release */ = {
			isa = XCBuildConfiguration;
			buildSettings = {
				ALWAYS_SEARCH_USER_PATHS = NO;
				CLANG_ANALYZER_NONNULL = YES;
				CLANG_CXX_LANGUAGE_STANDARD = "gnu++0x";
				CLANG_CXX_LIBRARY = "libc++";
				CLANG_ENABLE_MODULES = YES;
				CLANG_ENABLE_OBJC_ARC = YES;
				CLANG_WARN_BOOL_CONVERSION = YES;
				CLANG_WARN_CONSTANT_CONVERSION = YES;
				CLANG_WARN_DIRECT_OBJC_ISA_USAGE = YES_ERROR;
				CLANG_WARN_DOCUMENTATION_COMMENTS = YES;
				CLANG_WARN_EMPTY_BODY = YES;
				CLANG_WARN_ENUM_CONVERSION = YES;
				CLANG_WARN_INFINITE_RECURSION = YES;
				CLANG_WARN_INT_CONVERSION = YES;
				CLANG_WARN_OBJC_ROOT_CLASS = YES_ERROR;
				CLANG_WARN_SUSPICIOUS_MOVE = YES;
				CLANG_WARN_SUSPICIOUS_MOVES = YES;
				CLANG_WARN_UNREACHABLE_CODE = YES;
				CLANG_WARN__DUPLICATE_METHOD_MATCH = YES;
				"CODE_SIGN_IDENTITY[sdk=iphoneos*]" = "iPhone Developer";
				COPY_PHASE_STRIP = NO;
				DEBUG_INFORMATION_FORMAT = "dwarf-with-dsym";
				ENABLE_NS_ASSERTIONS = NO;
				ENABLE_STRICT_OBJC_MSGSEND = YES;
				GCC_C_LANGUAGE_STANDARD = gnu99;
				GCC_NO_COMMON_BLOCKS = YES;
				GCC_WARN_64_TO_32_BIT_CONVERSION = YES;
				GCC_WARN_ABOUT_RETURN_TYPE = YES_ERROR;
				GCC_WARN_UNDECLARED_SELECTOR = YES;
				GCC_WARN_UNINITIALIZED_AUTOS = YES_AGGRESSIVE;
				GCC_WARN_UNUSED_FUNCTION = YES;
				GCC_WARN_UNUSED_VARIABLE = YES;
				IPHONEOS_DEPLOYMENT_TARGET = 8.0;
				MTL_ENABLE_DEBUG_INFO = NO;
				SDKROOT = iphoneos;
				SWIFT_OPTIMIZATION_LEVEL = "-Owholemodule";
				VALIDATE_PRODUCT = YES;
			};
			name = Release;
		};
		7B05CAC91DE7185700DD7201 /* Debug */ = {
			isa = XCBuildConfiguration;
			baseConfigurationReference = FF0FEEC4A601ED383195B445 /* Pods-Screen Capture.debug.xcconfig */;
			buildSettings = {
				ALWAYS_EMBED_SWIFT_STANDARD_LIBRARIES = YES;
				ASSETCATALOG_COMPILER_APPICON_NAME = AppIcon;
				DEFINES_MODULE = NO;
				DEVELOPMENT_TEAM = H5A43L6864;
				ENABLE_BITCODE = NO;
				FRAMEWORK_SEARCH_PATHS = (
					"$(inherited)",
					"$(PROJECT_DIR)",
				);
				INFOPLIST_FILE = "Screen Capture/Info.plist";
				IPHONEOS_DEPLOYMENT_TARGET = 8.4;
				LD_RUNPATH_SEARCH_PATHS = "$(inherited) @executable_path/Frameworks";
				ONLY_ACTIVE_ARCH = NO;
				PRODUCT_BUNDLE_IDENTIFIER = "com.yougetitback.Screen-Capture";
				PRODUCT_NAME = "$(TARGET_NAME)";
				SWIFT_OBJC_BRIDGING_HEADER = "Screen Capture/Bridging-Header.h";
				SWIFT_VERSION = 3.0;
			};
			name = Debug;
		};
		7B05CACA1DE7185700DD7201 /* Release */ = {
			isa = XCBuildConfiguration;
			baseConfigurationReference = 361899A86C65142EF0FD351E /* Pods-Screen Capture.release.xcconfig */;
			buildSettings = {
				ALWAYS_EMBED_SWIFT_STANDARD_LIBRARIES = YES;
				ASSETCATALOG_COMPILER_APPICON_NAME = AppIcon;
				DEFINES_MODULE = NO;
				DEVELOPMENT_TEAM = H5A43L6864;
				ENABLE_BITCODE = NO;
				FRAMEWORK_SEARCH_PATHS = (
					"$(inherited)",
					"$(PROJECT_DIR)",
				);
				INFOPLIST_FILE = "Screen Capture/Info.plist";
				IPHONEOS_DEPLOYMENT_TARGET = 8.4;
				LD_RUNPATH_SEARCH_PATHS = "$(inherited) @executable_path/Frameworks";
				PRODUCT_BUNDLE_IDENTIFIER = "com.yougetitback.Screen-Capture";
				PRODUCT_NAME = "$(TARGET_NAME)";
				SWIFT_OBJC_BRIDGING_HEADER = "Screen Capture/Bridging-Header.h";
				SWIFT_VERSION = 3.0;
			};
			name = Release;
		};
/* End XCBuildConfiguration section */

/* Begin XCConfigurationList section */
		7B05CAB11DE7185700DD7201 /* Build configuration list for PBXProject "Screen Capture" */ = {
			isa = XCConfigurationList;
			buildConfigurations = (
				7B05CAC61DE7185700DD7201 /* Debug */,
				7B05CAC71DE7185700DD7201 /* Release */,
			);
			defaultConfigurationIsVisible = 0;
			defaultConfigurationName = Release;
		};
		7B05CAC81DE7185700DD7201 /* Build configuration list for PBXNativeTarget "Screen Capture" */ = {
			isa = XCConfigurationList;
			buildConfigurations = (
				7B05CAC91DE7185700DD7201 /* Debug */,
				7B05CACA1DE7185700DD7201 /* Release */,
			);
			defaultConfigurationIsVisible = 0;
			defaultConfigurationName = Release;
		};
/* End XCConfigurationList section */
	};
	rootObject = 7B05CAAE1DE7185700DD7201 /* Project object */;
}
